
Microsoft Visual Studio Solution File, Format Version 12.00
# Visual Studio 14
VisualStudioVersion = 14.0.25123.0
MinimumVisualStudioVersion = 10.0.40219.1
Project("{FAE04EC0-301F-11D3-BF4B-00C04F79EFBC}") = "Kavod.Vba.Compression", "src\Kavod.Vba.Compression\Kavod.Vba.Compression.csproj", "{E1DA4414-FAFE-4BE6-A380-BFE7AE1B98FF}"
EndProject
Project("{FAE04EC0-301F-11D3-BF4B-00C04F79EFBC}") = "Kavod.Vba.Compression.Tests", "src\Kavod.Vba.Compression.Tests\Kavod.Vba.Compression.Tests.csproj", "{96FBC36A-E9A7-4816-8F8F-BAFA8A462FE0}"
EndProject
Global
	GlobalSection(SolutionConfigurationPlatforms) = preSolution
		Debug|Any CPU = Debug|Any CPU
		Release|Any CPU = Release|Any CPU
	EndGlobalSection
	GlobalSection(ProjectConfigurationPlatforms) = postSolution
		{E1DA4414-FAFE-4BE6-A380-BFE7AE1B98FF}.Debug|Any CPU.ActiveCfg = Debug|Any CPU
		{E1DA4414-FAFE-4BE6-A380-BFE7AE1B98FF}.Debug|Any CPU.Build.0 = Debug|Any CPU
		{E1DA4414-FAFE-4BE6-A380-BFE7AE1B98FF}.Release|Any CPU.ActiveCfg = Release|Any CPU
		{E1DA4414-FAFE-4BE6-A380-BFE7AE1B98FF}.Release|Any CPU.Build.0 = Release|Any CPU
		{96FBC36A-E9A7-4816-8F8F-BAFA8A462FE0}.Debug|Any CPU.ActiveCfg = Debug|Any CPU
		{96FBC36A-E9A7-4816-8F8F-BAFA8A462FE0}.Debug|Any CPU.Build.0 = Debug|Any CPU
		{96FBC36A-E9A7-4816-8F8F-BAFA8A462FE0}.Release|Any CPU.ActiveCfg = Release|Any CPU
		{96FBC36A-E9A7-4816-8F8F-BAFA8A462FE0}.Release|Any CPU.Build.0 = Release|Any CPU
	EndGlobalSection
	GlobalSection(SolutionProperties) = preSolution
		HideSolutionNode = FALSE
	EndGlobalSection
EndGlobal
